
Microsoft Visual Studio Solution File, Format Version 12.00
# Visual Studio Version 17
VisualStudioVersion = 17.1.32319.34
MinimumVisualStudioVersion = 10.0.40219.1
Project("{FAE04EC0-301F-11D3-BF4B-00C04F79EFBC}") = "SqliteNote.Android", "SqliteNote\SqliteNote.Android\SqliteNote.Android.csproj", "{24F174EC-641C-4D04-8B1A-41E485DC8187}"
EndProject
Project("{FAE04EC0-301F-11D3-BF4B-00C04F79EFBC}") = "SqliteNote", "SqliteNote\SqliteNote\SqliteNote.csproj", "{7547AD98-F73F-4E47-BEC8-0A70648FB4A5}"
EndProject
Global
	GlobalSection(SolutionConfigurationPlatforms) = preSolution
		Debug|Any CPU = Debug|Any CPU
		Release|Any CPU = Release|Any CPU
	EndGlobalSection
	GlobalSection(ProjectConfigurationPlatforms) = postSolution
		{24F174EC-641C-4D04-8B1A-41E485DC8187}.Debug|Any CPU.ActiveCfg = Debug|Any CPU
		{24F174EC-641C-4D04-8B1A-41E485DC8187}.Debug|Any CPU.Build.0 = Debug|Any CPU
		{24F174EC-641C-4D04-8B1A-41E485DC8187}.Debug|Any CPU.Deploy.0 = Debug|Any CPU
		{24F174EC-641C-4D04-8B1A-41E485DC8187}.Release|Any CPU.ActiveCfg = Release|Any CPU
		{24F174EC-641C-4D04-8B1A-41E485DC8187}.Release|Any CPU.Build.0 = Release|Any CPU
		{24F174EC-641C-4D04-8B1A-41E485DC8187}.Release|Any CPU.Deploy.0 = Release|Any CPU
		{7547AD98-F73F-4E47-BEC8-0A70648FB4A5}.Debug|Any CPU.ActiveCfg = Debug|Any CPU
		{7547AD98-F73F-4E47-BEC8-0A70648FB4A5}.Debug|Any CPU.Build.0 = Debug|Any CPU
		{7547AD98-F73F-4E47-BEC8-0A70648FB4A5}.Debug|Any CPU.Deploy.0 = Debug|Any CPU
		{7547AD98-F73F-4E47-BEC8-0A70648FB4A5}.Release|Any CPU.ActiveCfg = Release|Any CPU
		{7547AD98-F73F-4E47-BEC8-0A70648FB4A5}.Release|Any CPU.Build.0 = Release|Any CPU
		{7547AD98-F73F-4E47-BEC8-0A70648FB4A5}.Release|Any CPU.Deploy.0 = Release|Any CPU
	EndGlobalSection
	GlobalSection(SolutionProperties) = preSolution
		HideSolutionNode = FALSE
	EndGlobalSection
	GlobalSection(ExtensibilityGlobals) = postSolution
		SolutionGuid = {7D035F80-C26C-435D-A545-68414E1BCE91}
	EndGlobalSection
EndGlobal
